
Microsoft Visual Studio Solution File, Format Version 12.00
# Visual Studio 15
Project("{2150E333-8FDC-42A3-9474-1A3956D46DE8}") = "Libraries", "Libraries", "{447A858F-546C-44FB-ACB9-2ED5E107E04C}"
EndProject
Project("{FAE04EC0-301F-11D3-BF4B-00C04F79EFBC}") = "University.Core", "Libraries\University.Core\University.Core.csproj", "{487E40A3-491C-4FE5-91DE-B10810B3D6D2}"
EndProject
Project("{FAE04EC0-301F-11D3-BF4B-00C04F79EFBC}") = "University.Data", "Libraries\University.Data\University.Data.csproj", "{01E496D0-46A1-4663-9FF3-45F4EB81C0AC}"
EndProject
Project("{FAE04EC0-301F-11D3-BF4B-00C04F79EFBC}") = "University.Services", "Libraries\University.Services\University.Services.csproj", "{530B8CC6-96E9-467D-A855-D0F082E9839A}"
EndProject
Project("{2150E333-8FDC-42A3-9474-1A3956D46DE8}") = "Presentation", "Presentation", "{13098804-6FB3-4BC0-BBFD-F51F67AD8485}"
EndProject
Project("{FAE04EC0-301F-11D3-BF4B-00C04F79EFBC}") = "University.API", "Presentation\University.API\University.API.csproj", "{5A8CD66A-0860-4AA0-8396-8381F7287D97}"
EndProject
Project("{2150E333-8FDC-42A3-9474-1A3956D46DE8}") = "Tests", "Tests", "{BFF6438E-7186-46E4-816E-BFADEDB8A8FE}"
EndProject
Project("{FAE04EC0-301F-11D3-BF4B-00C04F79EFBC}") = "University.Services.Tests", "University.Services.Tests\University.Services.Tests.csproj", "{0C46A56E-4096-4752-BFB5-E17AE15A11BD}"
EndProject
Global
	GlobalSection(SolutionConfigurationPlatforms) = preSolution
		Debug|Any CPU = Debug|Any CPU
		Release|Any CPU = Release|Any CPU
	EndGlobalSection
	GlobalSection(ProjectConfigurationPlatforms) = postSolution
		{487E40A3-491C-4FE5-91DE-B10810B3D6D2}.Debug|Any CPU.ActiveCfg = Debug|Any CPU
		{487E40A3-491C-4FE5-91DE-B10810B3D6D2}.Debug|Any CPU.Build.0 = Debug|Any CPU
		{487E40A3-491C-4FE5-91DE-B10810B3D6D2}.Release|Any CPU.ActiveCfg = Release|Any CPU
		{487E40A3-491C-4FE5-91DE-B10810B3D6D2}.Release|Any CPU.Build.0 = Release|Any CPU
		{01E496D0-46A1-4663-9FF3-45F4EB81C0AC}.Debug|Any CPU.ActiveCfg = Debug|Any CPU
		{01E496D0-46A1-4663-9FF3-45F4EB81C0AC}.Debug|Any CPU.Build.0 = Debug|Any CPU
		{01E496D0-46A1-4663-9FF3-45F4EB81C0AC}.Release|Any CPU.ActiveCfg = Release|Any CPU
		{01E496D0-46A1-4663-9FF3-45F4EB81C0AC}.Release|Any CPU.Build.0 = Release|Any CPU
		{530B8CC6-96E9-467D-A855-D0F082E9839A}.Debug|Any CPU.ActiveCfg = Debug|Any CPU
		{530B8CC6-96E9-467D-A855-D0F082E9839A}.Debug|Any CPU.Build.0 = Debug|Any CPU
		{530B8CC6-96E9-467D-A855-D0F082E9839A}.Release|Any CPU.ActiveCfg = Release|Any CPU
		{530B8CC6-96E9-467D-A855-D0F082E9839A}.Release|Any CPU.Build.0 = Release|Any CPU
		{5A8CD66A-0860-4AA0-8396-8381F7287D97}.Debug|Any CPU.ActiveCfg = Debug|Any CPU
		{5A8CD66A-0860-4AA0-8396-8381F7287D97}.Debug|Any CPU.Build.0 = Debug|Any CPU
		{5A8CD66A-0860-4AA0-8396-8381F7287D97}.Release|Any CPU.ActiveCfg = Release|Any CPU
		{5A8CD66A-0860-4AA0-8396-8381F7287D97}.Release|Any CPU.Build.0 = Release|Any CPU
		{0C46A56E-4096-4752-BFB5-E17AE15A11BD}.Debug|Any CPU.ActiveCfg = Debug|Any CPU
		{0C46A56E-4096-4752-BFB5-E17AE15A11BD}.Debug|Any CPU.Build.0 = Debug|Any CPU
		{0C46A56E-4096-4752-BFB5-E17AE15A11BD}.Release|Any CPU.ActiveCfg = Release|Any CPU
		{0C46A56E-4096-4752-BFB5-E17AE15A11BD}.Release|Any CPU.Build.0 = Release|Any CPU
	EndGlobalSection
	GlobalSection(NestedProjects) = preSolution
		{487E40A3-491C-4FE5-91DE-B10810B3D6D2} = {447A858F-546C-44FB-ACB9-2ED5E107E04C}
		{01E496D0-46A1-4663-9FF3-45F4EB81C0AC} = {447A858F-546C-44FB-ACB9-2ED5E107E04C}
		{530B8CC6-96E9-467D-A855-D0F082E9839A} = {447A858F-546C-44FB-ACB9-2ED5E107E04C}
		{5A8CD66A-0860-4AA0-8396-8381F7287D97} = {13098804-6FB3-4BC0-BBFD-F51F67AD8485}
		{0C46A56E-4096-4752-BFB5-E17AE15A11BD} = {BFF6438E-7186-46E4-816E-BFADEDB8A8FE}
	EndGlobalSection
EndGlobal
